NeoBundleLock emmet-vim d698f1658770ca5fa58c87e80421c8d65bbe9065
NeoBundleLock gist-vim 3abf2444bb6a7744a64b4a2c2b02d6761a7de072
NeoBundleLock neobundle.vim 1306c131ff0a6cc094b7ff0727350e442b5427f1
NeoBundleLock neocomplcache 778181767467b8f8016828898779a646074d883a
NeoBundleLock nginx.vim 152bbb2dc00c2df37049ccf75f68f294208c72cb
NeoBundleLock sudo.vim 060f0250d6f399d1cf9b15eaad3d55b3fbad4b0d
NeoBundleLock vim-colors-solarized 528a59f26d12278698bb946f8fb82a63711eec21
NeoBundleLock vim-fakeclip bec4e5998070b99a961a494db95e7545f3edde1d
NeoBundleLock vim-powerline 09c0cea859a2e0989eea740655b35976d951a84e
NeoBundleLock vim-quickrun a2bb7be01815dab286735928001a009bcdb0d946
